{
  "name": "ReasonglExampleProject",
  "version": "0.1.0",
  "lockfileVersion": 1,
  "requires": true,
  "dependencies": {
    "FastHelpersJs": {
      "version": "github:bsansouci/FastHelpers#f76f91604f2d4543e4bdd4d13250f86b17fdd409",
      "from": "github:bsansouci/FastHelpers#js"
    },
    "FastHelpersNative": {
      "version": "github:bsansouci/FastHelpers#6e74bf2d6a99853dc603a33dcff3313809109432",
      "from": "github:bsansouci/FastHelpers#native"
    },
    "Reasongl": {
      "version": "github:bsansouci/reasongl#6b4dfc92b0e68bf7e1b40cdc5e5a91e1493b72cc",
      "from": "github:bsansouci/reasongl",
      "requires": {
        "Tgls": "github:bsansouci/tgls#44d4b1a07b6eea9cbd29a6d43128247d4f312bbe",
        "Tsdl": "github:bsansouci/tsdl#1367e9ab949cb6b41e9a566910d0afd19035f175",
        "gl-matrix": "*"
      }
    },
    "Tgls": {
      "version": "github:bsansouci/tgls#44d4b1a07b6eea9cbd29a6d43128247d4f312bbe",
      "from": "github:bsansouci/tgls"
    },
    "Tsdl": {
      "version": "github:bsansouci/tsdl#1367e9ab949cb6b41e9a566910d0afd19035f175",
      "from": "github:bsansouci/tsdl",
      "requires": {
        "sdl2": "github:bsansouci/SDL-mirror#db0756eec3c5979b8291d739ebac9e8747ccbac2"
      }
    },
    "bsb-native": {
      "version": "4.0.7000",
      "resolved": "https://registry.npmjs.org/bsb-native/-/bsb-native-4.0.7000.tgz",
      "integrity": "sha512-RcmbmdwvGHnQBhxkz6B7+J0d4cTUhWDGIJ94DmjHDlwgH7cnzWTTKqASWkPiPTqlNFyZtQxZ9qTvAQrsE/iMpw==",
      "dev": true,
      "requires": {
        "yauzl": "^2.9.1"
      }
    },
    "buffer-crc32": {
      "version": "0.2.13",
      "resolved": "https://registry.npmjs.org/buffer-crc32/-/buffer-crc32-0.2.13.tgz",
      "integrity": "sha1-DTM+PwDqxQqhRUq9MO+MKl2ackI="
    },
    "fd-slicer": {
      "version": "1.1.0",
      "resolved": "https://registry.npmjs.org/fd-slicer/-/fd-slicer-1.1.0.tgz",
      "integrity": "sha1-JcfInLH5B3+IkbvmHY85Dq4lbx4=",
      "requires": {
        "pend": "~1.2.0"
      }
    },
    "gl-matrix": {
      "version": "3.0.0",
      "resolved": "https://registry.npmjs.org/gl-matrix/-/gl-matrix-3.0.0.tgz",
      "integrity": "sha512-PD4mVH/C/Zs64kOozeFnKY8ybhgwxXXQYGWdB4h68krAHknWJgk9uKOn6z8YElh5//vs++90pb6csrTIDWnexA=="
    },
    "opentype.js": {
      "version": "0.7.3",
      "resolved": "https://registry.npmjs.org/opentype.js/-/opentype.js-0.7.3.tgz",
      "integrity": "sha1-QPuM4Yv9YOdESO/f5EKDQJg5eqs=",
      "requires": {
        "tiny-inflate": "^1.0.2"
      }
    },
    "pend": {
      "version": "1.2.0",
      "resolved": "https://registry.npmjs.org/pend/-/pend-1.2.0.tgz",
      "integrity": "sha1-elfrVQpng/kRUzH89GY9XI4AelA="
    },
    "sdl2": {
      "version": "github:bsansouci/SDL-mirror#db0756eec3c5979b8291d739ebac9e8747ccbac2",
      "from": "github:bsansouci/SDL-mirror#fast",
      "requires": {
        "yauzl": "^2.9.1"
      }
    },
    "tiny-inflate": {
      "version": "1.0.2",
      "resolved": "https://registry.npmjs.org/tiny-inflate/-/tiny-inflate-1.0.2.tgz",
      "integrity": "sha1-k9nez/yIBb1X6uQxDwt0Xptvs6c="
    },
    "yauzl": {
      "version": "2.10.0",
      "resolved": "https://registry.npmjs.org/yauzl/-/yauzl-2.10.0.tgz",
      "integrity": "sha1-x+sXyT4RLLEIb6bY5R+wZnt5pfk=",
      "requires": {
        "buffer-crc32": "~0.2.3",
        "fd-slicer": "~1.1.0"
      }
    }
  }
}
